
Microsoft Visual Studio Solution File, Format Version 12.00
# Visual Studio Version 17
VisualStudioVersion = 17.11.35222.181
MinimumVisualStudioVersion = 10.0.40219.1
Project("{FAE04EC0-301F-11D3-BF4B-00C04F79EFBC}") = "COMP2084Assignment3", "COMP2084Assignment3.csproj", "{2561A321-E3D8-4791-978C-95095FD2936E}"
EndProject
Global
	GlobalSection(SolutionConfigurationPlatforms) = preSolution
		Debug|Any CPU = Debug|Any CPU
		Release|Any CPU = Release|Any CPU
	EndGlobalSection
	GlobalSection(ProjectConfigurationPlatforms) = postSolution
		{2561A321-E3D8-4791-978C-95095FD2936E}.Debug|Any CPU.ActiveCfg = Debug|Any CPU
		{2561A321-E3D8-4791-978C-95095FD2936E}.Debug|Any CPU.Build.0 = Debug|Any CPU
		{2561A321-E3D8-4791-978C-95095FD2936E}.Release|Any CPU.ActiveCfg = Release|Any CPU
		{2561A321-E3D8-4791-978C-95095FD2936E}.Release|Any CPU.Build.0 = Release|Any CPU
	EndGlobalSection
	GlobalSection(SolutionProperties) = preSolution
		HideSolutionNode = FALSE
	EndGlobalSection
	GlobalSection(ExtensibilityGlobals) = postSolution
		SolutionGuid = {19A7A6BE-D8B0-42FB-8BD0-2AF390262CB7}
	EndGlobalSection
EndGlobal
